
Microsoft Visual Studio Solution File, Format Version 12.00
# Visual Studio Version 16
VisualStudioVersion = 16.0.29020.237
MinimumVisualStudioVersion = 10.0.40219.1
Project("{FAE04EC0-301F-11D3-BF4B-00C04F79EFBC}") = "PCM_GUI", "PCM_GUI\PCM_GUI.csproj", "{A21FF48E-FB1B-4095-839A-B3E4FDC471EA}"
EndProject
Project("{FAE04EC0-301F-11D3-BF4B-00C04F79EFBC}") = "PCM_DAL", "PCM_DAL\PCM_DAL.csproj", "{A5426CCE-1515-4446-8E9F-4DBB8D224910}"
EndProject
Project("{FAE04EC0-301F-11D3-BF4B-00C04F79EFBC}") = "PCM_BUS", "PCM_BUS\PCM_BUS.csproj", "{5F1BFB71-4C46-4C06-9AD3-AACCD38A2B9E}"
EndProject
Project("{FAE04EC0-301F-11D3-BF4B-00C04F79EFBC}") = "PCM_DTO", "PCM_DTO\PCM_DTO.csproj", "{14547E54-1C5A-449B-8AA2-9284CDBB4FEF}"
EndProject
Global
	GlobalSection(SolutionConfigurationPlatforms) = preSolution
		Debug|Any CPU = Debug|Any CPU
		Release|Any CPU = Release|Any CPU
	EndGlobalSection
	GlobalSection(ProjectConfigurationPlatforms) = postSolution
		{A21FF48E-FB1B-4095-839A-B3E4FDC471EA}.Debug|Any CPU.ActiveCfg = Debug|Any CPU
		{A21FF48E-FB1B-4095-839A-B3E4FDC471EA}.Debug|Any CPU.Build.0 = Debug|Any CPU
		{A21FF48E-FB1B-4095-839A-B3E4FDC471EA}.Release|Any CPU.ActiveCfg = Release|Any CPU
		{A21FF48E-FB1B-4095-839A-B3E4FDC471EA}.Release|Any CPU.Build.0 = Release|Any CPU
		{A5426CCE-1515-4446-8E9F-4DBB8D224910}.Debug|Any CPU.ActiveCfg = Debug|Any CPU
		{A5426CCE-1515-4446-8E9F-4DBB8D224910}.Debug|Any CPU.Build.0 = Debug|Any CPU
		{A5426CCE-1515-4446-8E9F-4DBB8D224910}.Release|Any CPU.ActiveCfg = Release|Any CPU
		{A5426CCE-1515-4446-8E9F-4DBB8D224910}.Release|Any CPU.Build.0 = Release|Any CPU
		{5F1BFB71-4C46-4C06-9AD3-AACCD38A2B9E}.Debug|Any CPU.ActiveCfg = Debug|Any CPU
		{5F1BFB71-4C46-4C06-9AD3-AACCD38A2B9E}.Debug|Any CPU.Build.0 = Debug|Any CPU
		{5F1BFB71-4C46-4C06-9AD3-AACCD38A2B9E}.Release|Any CPU.ActiveCfg = Release|Any CPU
		{5F1BFB71-4C46-4C06-9AD3-AACCD38A2B9E}.Release|Any CPU.Build.0 = Release|Any CPU
		{14547E54-1C5A-449B-8AA2-9284CDBB4FEF}.Debug|Any CPU.ActiveCfg = Debug|Any CPU
		{14547E54-1C5A-449B-8AA2-9284CDBB4FEF}.Debug|Any CPU.Build.0 = Debug|Any CPU
		{14547E54-1C5A-449B-8AA2-9284CDBB4FEF}.Release|Any CPU.ActiveCfg = Release|Any CPU
		{14547E54-1C5A-449B-8AA2-9284CDBB4FEF}.Release|Any CPU.Build.0 = Release|Any CPU
	EndGlobalSection
	GlobalSection(SolutionProperties) = preSolution
		HideSolutionNode = FALSE
	EndGlobalSection
	GlobalSection(ExtensibilityGlobals) = postSolution
		SolutionGuid = {A855EF25-2CB1-44A7-ADF5-02E95F221F1B}
	EndGlobalSection
EndGlobal
